
Microsoft Visual Studio Solution File, Format Version 12.00
# Visual Studio Version 17
VisualStudioVersion = 17.7.34018.315
MinimumVisualStudioVersion = 10.0.40219.1
Project("{FAE04EC0-301F-11D3-BF4B-00C04F79EFBC}") = "FundamentosServer", "FundamentosServer\FundamentosServer.csproj", "{FDD82282-0B7D-4261-9A54-9E7A1558E844}"
EndProject
Global
	GlobalSection(SolutionConfigurationPlatforms) = preSolution
		Debug|Any CPU = Debug|Any CPU
		Release|Any CPU = Release|Any CPU
	EndGlobalSection
	GlobalSection(ProjectConfigurationPlatforms) = postSolution
		{FDD82282-0B7D-4261-9A54-9E7A1558E844}.Debug|Any CPU.ActiveCfg = Debug|Any CPU
		{FDD82282-0B7D-4261-9A54-9E7A1558E844}.Debug|Any CPU.Build.0 = Debug|Any CPU
		{FDD82282-0B7D-4261-9A54-9E7A1558E844}.Release|Any CPU.ActiveCfg = Release|Any CPU
		{FDD82282-0B7D-4261-9A54-9E7A1558E844}.Release|Any CPU.Build.0 = Release|Any CPU
	EndGlobalSection
	GlobalSection(SolutionProperties) = preSolution
		HideSolutionNode = FALSE
	EndGlobalSection
	GlobalSection(ExtensibilityGlobals) = postSolution
		SolutionGuid = {CD9BD70D-FBB5-40DC-A72C-8FE257F442A8}
	EndGlobalSection
EndGlobal
